
Microsoft Visual Studio Solution File, Format Version 12.00
# Visual Studio 14
VisualStudioVersion = 14.0.25420.1
MinimumVisualStudioVersion = 10.0.40219.1
Project("{FAE04EC0-301F-11D3-BF4B-00C04F79EFBC}") = "Tiny", "Tiny\Tiny.csproj", "{006487E7-44D6-4623-9E54-1C1F6686731E}"
EndProject
Global
	GlobalSection(SolutionConfigurationPlatforms) = preSolution
		Debug|Any CPU = Debug|Any CPU
		Release|Any CPU = Release|Any CPU
	EndGlobalSection
	GlobalSection(ProjectConfigurationPlatforms) = postSolution
		{006487E7-44D6-4623-9E54-1C1F6686731E}.Debug|Any CPU.ActiveCfg = Debug|Any CPU
		{006487E7-44D6-4623-9E54-1C1F6686731E}.Debug|Any CPU.Build.0 = Debug|Any CPU
		{006487E7-44D6-4623-9E54-1C1F6686731E}.Release|Any CPU.ActiveCfg = Release|Any CPU
		{006487E7-44D6-4623-9E54-1C1F6686731E}.Release|Any CPU.Build.0 = Release|Any CPU
	EndGlobalSection
	GlobalSection(SolutionProperties) = preSolution
		HideSolutionNode = FALSE
	EndGlobalSection
EndGlobal
